
Microsoft Visual Studio Solution File, Format Version 12.00
# Visual Studio Version 16
VisualStudioVersion = 16.0.29403.142
MinimumVisualStudioVersion = 10.0.40219.1
Project("{FAE04EC0-301F-11D3-BF4B-00C04F79EFBC}") = "Coin_Jar1", "Coin_Jar1\Coin_Jar1.csproj", "{A088E581-97B3-4E20-8554-219F90998A0B}"
EndProject
Global
	GlobalSection(SolutionConfigurationPlatforms) = preSolution
		Debug|Any CPU = Debug|Any CPU
		Release|Any CPU = Release|Any CPU
	EndGlobalSection
	GlobalSection(ProjectConfigurationPlatforms) = postSolution
		{A088E581-97B3-4E20-8554-219F90998A0B}.Debug|Any CPU.ActiveCfg = Debug|Any CPU
		{A088E581-97B3-4E20-8554-219F90998A0B}.Debug|Any CPU.Build.0 = Debug|Any CPU
		{A088E581-97B3-4E20-8554-219F90998A0B}.Release|Any CPU.ActiveCfg = Release|Any CPU
		{A088E581-97B3-4E20-8554-219F90998A0B}.Release|Any CPU.Build.0 = Release|Any CPU
	EndGlobalSection
	GlobalSection(SolutionProperties) = preSolution
		HideSolutionNode = FALSE
	EndGlobalSection
	GlobalSection(ExtensibilityGlobals) = postSolution
		SolutionGuid = {C300CE07-8F0A-478B-BB84-02BF8385B503}
	EndGlobalSection
EndGlobal
